
Microsoft Visual Studio Solution File, Format Version 12.00
# Visual Studio Version 17
VisualStudioVersion = 17.3.32901.215
MinimumVisualStudioVersion = 10.0.40219.1
Project("{FAE04EC0-301F-11D3-BF4B-00C04F79EFBC}") = "Broken Petrol Ltd 2", "Broken Petrol Ltd 2.csproj", "{E206B795-6BF8-42EE-89F1-49B8EF6633F0}"
EndProject
Global
	GlobalSection(SolutionConfigurationPlatforms) = preSolution
		Debug|Any CPU = Debug|Any CPU
		Release|Any CPU = Release|Any CPU
	EndGlobalSection
	GlobalSection(ProjectConfigurationPlatforms) = postSolution
		{E206B795-6BF8-42EE-89F1-49B8EF6633F0}.Debug|Any CPU.ActiveCfg = Debug|Any CPU
		{E206B795-6BF8-42EE-89F1-49B8EF6633F0}.Debug|Any CPU.Build.0 = Debug|Any CPU
		{E206B795-6BF8-42EE-89F1-49B8EF6633F0}.Release|Any CPU.ActiveCfg = Release|Any CPU
		{E206B795-6BF8-42EE-89F1-49B8EF6633F0}.Release|Any CPU.Build.0 = Release|Any CPU
	EndGlobalSection
	GlobalSection(SolutionProperties) = preSolution
		HideSolutionNode = FALSE
	EndGlobalSection
	GlobalSection(ExtensibilityGlobals) = postSolution
		SolutionGuid = {4682DFAD-3137-4774-98DD-8D0468EAF0F5}
	EndGlobalSection
EndGlobal
